{
  "version": 4,
  "terraform_version": "1.13.1",
  "serial": 7,
  "lineage": "1727ab35-aca9-c1d6-6fc2-d35ce0f003d5",
  "outputs": {},
  "resources": [
    {
      "mode": "managed",
      "type": "local_file",
      "name": "testFile",
      "provider": "provider[\"registry.terraform.io/hashicorp/local\"]",
      "instances": [
        {
          "schema_version": 0,
          "attributes": {
            "content": "taint test",
            "content_base64": null,
            "content_base64sha256": "ZP3oPdae0GxRq8GFMlkWuor4CfyKribU7XrhYHmg5o8=",
            "content_base64sha512": "GPjIEHNVreaRFq6LYDd9RB2vKndpIXTyLFumpLuQMdQDVgA3BKJjS1bIWMnAoKJSM8ieQRYm3SkXqdn/WF19IQ==",
            "content_md5": "f51c1cb4f580cf95913f98a8df065563",
            "content_sha1": "3c3b39b3ee4f8aa74b44574364470c05a9d08366",
            "content_sha256": "64fde83dd69ed06c51abc185325916ba8af809fc8aae26d4ed7ae16079a0e68f",
            "content_sha512": "18f8c8107355ade69116ae8b60377d441daf2a77692174f22c5ba6a4bb9031d40356003704a2634b56c858c9c0a0a25233c89e411626dd2917a9d9ff585d7d21",
            "directory_permission": "0777",
            "file_permission": "0777",
            "filename": "/tmp/taintCheck.txt",
            "id": "3c3b39b3ee4f8aa74b44574364470c05a9d08366",
            "sensitive_content": null,
            "source": null
          },
          "sensitive_attributes": [
            [
              {
                "type": "get_attr",
                "value": "sensitive_content"
              }
            ]
          ],
          "identity_schema_version": 0
        }
      ]
    }
  ],
  "check_results": null
}
